// !$*UTF8*$!
{
	archiveVersion = 1;
	classes = {
	};
	objectVersion = 56;
	objects = {

/* Begin PBXBuildFile section */
		00000000000000000000001C /* XCTest.framework in Frameworks */ = {isa = PBXBuildFile; fileRef = 00000000000000000000001B /* XCTest.framework */; };
		00000000000000000000004A /* SemanticVersionTests.swift in Sources */ = {isa = PBXBuildFile; fileRef = 000000000000000000000049 /* SemanticVersionTests.swift */; };
		00000000000000000000004C /* SequenceTrackerTests.swift in Sources */ = {isa = PBXBuildFile; fileRef = 00000000000000000000004B /* SequenceTrackerTests.swift */; };
		00000000000000000000004E /* ThrottleWheelMathTests.swift in Sources */ = {isa = PBXBuildFile; fileRef = 00000000000000000000004D /* ThrottleWheelMathTests.swift */; };
		C723748D304ED0620054808A /* SpeedGauge.swift in Sources */ = {isa = PBXBuildFile; fileRef = C723746D304ED0620054808A /* SpeedGauge.swift */; };
		C723748E304ED0620054808A /* AppModel.swift in Sources */ = {isa = PBXBuildFile; fileRef = C7237467304ED0620054808A /* AppModel.swift */; };
		C723748F304ED0620054808A /* DrivingSessionManager.swift in Sources */ = {isa = PBXBuildFile; fileRef = C7237481304ED0620054808A /* DrivingSessionManager.swift */; };
		C7237490304ED0620054808A /* EventClient.swift in Sources */ = {isa = PBXBuildFile; fileRef = C723747A304ED0620054808A /* EventClient.swift */; };
		C7237491304ED0620054808A /* ThrottleWheel.swift in Sources */ = {isa = PBXBuildFile; fileRef = C723746F304ED0620054808A /* ThrottleWheel.swift */; };
		C7237492304ED0620054808A /* KeychainStore.swift in Sources */ = {isa = PBXBuildFile; fileRef = C7237475304ED0620054808A /* KeychainStore.swift */; };
		C7237493304ED0620054808A /* FunctionPanel.swift in Sources */ = {isa = PBXBuildFile; fileRef = C723746C304ED0620054808A /* FunctionPanel.swift */; };
		C7237494304ED0620054808A /* LibraryView.swift in Sources */ = {isa = PBXBuildFile; fileRef = C7237484304ED0620054808A /* LibraryView.swift */; };
		C7237495304ED0620054808A /* KeyboardController.swift in Sources */ = {isa = PBXBuildFile; fileRef = C7237482304ED0620054808A /* KeyboardController.swift */; };
		C7237496304ED0620054808A /* APIClient.swift in Sources */ = {isa = PBXBuildFile; fileRef = C7237479304ED0620054808A /* APIClient.swift */; };
		C7237497304ED0620054808A /* SNCFClassicCabView.swift in Sources */ = {isa = PBXBuildFile; fileRef = C7237471304ED0620054808A /* SNCFClassicCabView.swift */; };
		C7237498304ED0620054808A /* PreviewData.swift in Sources */ = {isa = PBXBuildFile; fileRef = C723748B304ED0620054808A /* PreviewData.swift */; };
		C7237499304ED0620054808A /* StatusPill.swift in Sources */ = {isa = PBXBuildFile; fileRef = C723746E304ED0620054808A /* StatusPill.swift */; };
		C723749A304ED0620054808A /* TrainPilotApp.swift in Sources */ = {isa = PBXBuildFile; fileRef = C7237468304ED0620054808A /* TrainPilotApp.swift */; };
		C723749B304ED0620054808A /* DrivingSession.swift in Sources */ = {isa = PBXBuildFile; fileRef = C7237480304ED0620054808A /* DrivingSession.swift */; };
		C723749C304ED0620054808A /* LoginView.swift in Sources */ = {isa = PBXBuildFile; fileRef = C7237486304ED0620054808A /* LoginView.swift */; };
		C723749D304ED0620054808A /* DirectionSelector.swift in Sources */ = {isa = PBXBuildFile; fileRef = C723746B304ED0620054808A /* DirectionSelector.swift */; };
		C723749E304ED0620054808A /* WindowCoordinator.swift in Sources */ = {isa = PBXBuildFile; fileRef = C7237469304ED0620054808A /* WindowCoordinator.swift */; };
		C723749F304ED0620054808A /* SequenceTracker.swift in Sources */ = {isa = PBXBuildFile; fileRef = C723747B304ED0620054808A /* SequenceTracker.swift */; };
		C72374A0304ED0620054808A /* PreferencesView.swift in Sources */ = {isa = PBXBuildFile; fileRef = C7237488304ED0620054808A /* PreferencesView.swift */; };
		C72374A1304ED0620054808A /* Models.swift in Sources */ = {isa = PBXBuildFile; fileRef = C7237477304ED0620054808A /* Models.swift */; };
		C72374A2304ED0620054808A /* AppPreferences.swift in Sources */ = {isa = PBXBuildFile; fileRef = C723747D304ED0620054808A /* AppPreferences.swift */; };
		C72374A3304ED0620054808A /* SNCFPalette.swift in Sources */ = {isa = PBXBuildFile; fileRef = C7237472304ED0620054808A /* SNCFPalette.swift */; };
		C72374A6304ED09C0054808A /* CabContentMode.swift in Sources */ = {isa = PBXBuildFile; fileRef = C72374A5304ED09C0054808A /* CabContentMode.swift */; };
		C72374A8304ED0B50054808A /* NetworkViewport.swift in Sources */ = {isa = PBXBuildFile; fileRef = C72374A7304ED0B50054808A /* NetworkViewport.swift */; };
		C72374AA304F6C260054808A /* TrainPilotCab.icns in Resources */ = {isa = PBXBuildFile; fileRef = C72374A9304F6C260054808A /* TrainPilotCab.icns */; };
		C72374AE304F6E030054808A /* Asset.xcassets in Resources */ = {isa = PBXBuildFile; fileRef = C72374AD304F6E030054808A /* Asset.xcassets */; };
		C7AFB22430682BAC0016FE77 /* LayoutModels.swift in Sources */ = {isa = PBXBuildFile; fileRef = C7AFB22330682BAC0016FE77 /* LayoutModels.swift */; };
		C7AFB22630682BAC0016FE77 /* LayoutRepository.swift in Sources */ = {isa = PBXBuildFile; fileRef = C7AFB22530682BAC0016FE77 /* LayoutRepository.swift */; };
		C7AFB22830682BAD0016FE77 /* LayoutModelsTests.swift in Sources */ = {isa = PBXBuildFile; fileRef = C7AFB22730682BAD0016FE77 /* LayoutModelsTests.swift */; };
		C7AFB22A30682BAD0016FE77 /* LayoutRepositoryTests.swift in Sources */ = {isa = PBXBuildFile; fileRef = C7AFB22930682BAD0016FE77 /* LayoutRepositoryTests.swift */; };
		C7AFB22C30682DF40016FE77 /* LayoutDraftStore.swift in Sources */ = {isa = PBXBuildFile; fileRef = C7AFB22B30682DF40016FE77 /* LayoutDraftStore.swift */; };
		C7AFB22F30682DF40016FE77 /* LayoutDraftStoreTests.swift in Sources */ = {isa = PBXBuildFile; fileRef = C7AFB22E30682DF40016FE77 /* LayoutDraftStoreTests.swift */; };
		C7AFB23130682DF50016FE77 /* LayoutEditorDocumentTests.swift in Sources */ = {isa = PBXBuildFile; fileRef = C7AFB23030682DF50016FE77 /* LayoutEditorDocumentTests.swift */; };
		C7AFB23330682DFB0016FE77 /* LayoutEditorDocument.swift in Sources */ = {isa = PBXBuildFile; fileRef = C7AFB23230682DFB0016FE77 /* LayoutEditorDocument.swift */; };
		C7AFB23530682F920016FE77 /* LayoutViewportTransform.swift in Sources */ = {isa = PBXBuildFile; fileRef = C7AFB23430682F920016FE77 /* LayoutViewportTransform.swift */; };
		C7AFB23730682F920016FE77 /* TopologyRenderer.swift in Sources */ = {isa = PBXBuildFile; fileRef = C7AFB23630682F920016FE77 /* TopologyRenderer.swift */; };
		C7AFB23930682F930016FE77 /* LayoutCanvas.swift in Sources */ = {isa = PBXBuildFile; fileRef = C7AFB23830682F930016FE77 /* LayoutCanvas.swift */; };
		C7AFB23B30682F940016FE77 /* LayoutViewportTransformTests.swift in Sources */ = {isa = PBXBuildFile; fileRef = C7AFB23A30682F940016FE77 /* LayoutViewportTransformTests.swift */; };
		C7AFB23D30682F940016FE77 /* TopologyRenderPlanTests.swift in Sources */ = {isa = PBXBuildFile; fileRef = C7AFB23C30682F940016FE77 /* TopologyRenderPlanTests.swift */; };
/* End PBXBuildFile section */

/* Begin PBXContainerItemProxy section */
		00000000000000000000001A /* PBXContainerItemProxy */ = {
			isa = PBXContainerItemProxy;
			containerPortal = 000000000000000000000001 /* Project object */;
			proxyType = 1;
			remoteGlobalIDString = 000000000000000000000006;
			remoteInfo = TrainPilot;
		};
/* End PBXContainerItemProxy section */

/* Begin PBXFileReference section */
		000000000000000000000008 /* TrainPilot.app */ = {isa = PBXFileReference; explicitFileType = wrapper.application; includeInIndex = 0; path = TrainPilot.app; sourceTree = BUILT_PRODUCTS_DIR; };
		000000000000000000000009 /* TrainPilotTests.xctest */ = {isa = PBXFileReference; explicitFileType = wrapper.cfbundle; includeInIndex = 0; path = TrainPilotTests.xctest; sourceTree = BUILT_PRODUCTS_DIR; };
		00000000000000000000001B /* XCTest.framework */ = {isa = PBXFileReference; lastKnownFileType = wrapper.framework; name = XCTest.framework; path = System/Library/Frameworks/XCTest.framework; sourceTree = SDKROOT; };
		000000000000000000000049 /* SemanticVersionTests.swift */ = {isa = PBXFileReference; lastKnownFileType = sourcecode.swift; path = SemanticVersionTests.swift; sourceTree = "<group>"; };
		00000000000000000000004B /* SequenceTrackerTests.swift */ = {isa = PBXFileReference; lastKnownFileType = sourcecode.swift; path = SequenceTrackerTests.swift; sourceTree = "<group>"; };
		00000000000000000000004D /* ThrottleWheelMathTests.swift */ = {isa = PBXFileReference; lastKnownFileType = sourcecode.swift; path = ThrottleWheelMathTests.swift; sourceTree = "<group>"; };
		C7237467304ED0620054808A /* AppModel.swift */ = {isa = PBXFileReference; lastKnownFileType = sourcecode.swift; path = AppModel.swift; sourceTree = "<group>"; };
		C7237468304ED0620054808A /* TrainPilotApp.swift */ = {isa = PBXFileReference; lastKnownFileType = sourcecode.swift; path = TrainPilotApp.swift; sourceTree = "<group>"; };
		C7237469304ED0620054808A /* WindowCoordinator.swift */ = {isa = PBXFileReference; lastKnownFileType = sourcecode.swift; path = WindowCoordinator.swift; sourceTree = "<group>"; };
		C723746B304ED0620054808A /* DirectionSelector.swift */ = {isa = PBXFileReference; lastKnownFileType = sourcecode.swift; path = DirectionSelector.swift; sourceTree = "<group>"; };
		C723746C304ED0620054808A /* FunctionPanel.swift */ = {isa = PBXFileReference; lastKnownFileType = sourcecode.swift; path = FunctionPanel.swift; sourceTree = "<group>"; };
		C723746D304ED0620054808A /* SpeedGauge.swift */ = {isa = PBXFileReference; lastKnownFileType = sourcecode.swift; path = SpeedGauge.swift; sourceTree = "<group>"; };
		C723746E304ED0620054808A /* StatusPill.swift */ = {isa = PBXFileReference; lastKnownFileType = sourcecode.swift; path = StatusPill.swift; sourceTree = "<group>"; };
		C723746F304ED0620054808A /* ThrottleWheel.swift */ = {isa = PBXFileReference; lastKnownFileType = sourcecode.swift; path = ThrottleWheel.swift; sourceTree = "<group>"; };
		C7237471304ED0620054808A /* SNCFClassicCabView.swift */ = {isa = PBXFileReference; lastKnownFileType = sourcecode.swift; path = SNCFClassicCabView.swift; sourceTree = "<group>"; };
		C7237472304ED0620054808A /* SNCFPalette.swift */ = {isa = PBXFileReference; lastKnownFileType = sourcecode.swift; path = SNCFPalette.swift; sourceTree = "<group>"; };
		C7237475304ED0620054808A /* KeychainStore.swift */ = {isa = PBXFileReference; lastKnownFileType = sourcecode.swift; path = KeychainStore.swift; sourceTree = "<group>"; };
		C7237477304ED0620054808A /* Models.swift */ = {isa = PBXFileReference; lastKnownFileType = sourcecode.swift; path = Models.swift; sourceTree = "<group>"; };
		C7237479304ED0620054808A /* APIClient.swift */ = {isa = PBXFileReference; lastKnownFileType = sourcecode.swift; path = APIClient.swift; sourceTree = "<group>"; };
		C723747A304ED0620054808A /* EventClient.swift */ = {isa = PBXFileReference; lastKnownFileType = sourcecode.swift; path = EventClient.swift; sourceTree = "<group>"; };
		C723747B304ED0620054808A /* SequenceTracker.swift */ = {isa = PBXFileReference; lastKnownFileType = sourcecode.swift; path = SequenceTracker.swift; sourceTree = "<group>"; };
		C723747D304ED0620054808A /* AppPreferences.swift */ = {isa = PBXFileReference; lastKnownFileType = sourcecode.swift; path = AppPreferences.swift; sourceTree = "<group>"; };
		C7237480304ED0620054808A /* DrivingSession.swift */ = {isa = PBXFileReference; lastKnownFileType = sourcecode.swift; path = DrivingSession.swift; sourceTree = "<group>"; };
		C7237481304ED0620054808A /* DrivingSessionManager.swift */ = {isa = PBXFileReference; lastKnownFileType = sourcecode.swift; path = DrivingSessionManager.swift; sourceTree = "<group>"; };
		C7237482304ED0620054808A /* KeyboardController.swift */ = {isa = PBXFileReference; lastKnownFileType = sourcecode.swift; path = KeyboardController.swift; sourceTree = "<group>"; };
		C7237484304ED0620054808A /* LibraryView.swift */ = {isa = PBXFileReference; lastKnownFileType = sourcecode.swift; path = LibraryView.swift; sourceTree = "<group>"; };
		C7237486304ED0620054808A /* LoginView.swift */ = {isa = PBXFileReference; lastKnownFileType = sourcecode.swift; path = LoginView.swift; sourceTree = "<group>"; };
		C7237488304ED0620054808A /* PreferencesView.swift */ = {isa = PBXFileReference; lastKnownFileType = sourcecode.swift; path = PreferencesView.swift; sourceTree = "<group>"; };
		C723748B304ED0620054808A /* PreviewData.swift */ = {isa = PBXFileReference; lastKnownFileType = sourcecode.swift; path = PreviewData.swift; sourceTree = "<group>"; };
		C72374A5304ED09C0054808A /* CabContentMode.swift */ = {isa = PBXFileReference; lastKnownFileType = sourcecode.swift; path = CabContentMode.swift; sourceTree = "<group>"; };
		C72374A7304ED0B50054808A /* NetworkViewport.swift */ = {isa = PBXFileReference; lastKnownFileType = sourcecode.swift; path = NetworkViewport.swift; sourceTree = "<group>"; };
		C72374A9304F6C260054808A /* TrainPilotCab.icns */ = {isa = PBXFileReference; lastKnownFileType = image.icns; path = TrainPilotCab.icns; sourceTree = "<group>"; };
		C72374AD304F6E030054808A /* Asset.xcassets */ = {isa = PBXFileReference; lastKnownFileType = folder.assetcatalog; path = Asset.xcassets; sourceTree = "<group>"; };
		C7AFB22330682BAC0016FE77 /* LayoutModels.swift */ = {isa = PBXFileReference; lastKnownFileType = sourcecode.swift; path = LayoutModels.swift; sourceTree = "<group>"; };
		C7AFB22530682BAC0016FE77 /* LayoutRepository.swift */ = {isa = PBXFileReference; lastKnownFileType = sourcecode.swift; path = LayoutRepository.swift; sourceTree = "<group>"; };
		C7AFB22730682BAD0016FE77 /* LayoutModelsTests.swift */ = {isa = PBXFileReference; lastKnownFileType = sourcecode.swift; path = LayoutModelsTests.swift; sourceTree = "<group>"; };
		C7AFB22930682BAD0016FE77 /* LayoutRepositoryTests.swift */ = {isa = PBXFileReference; lastKnownFileType = sourcecode.swift; path = LayoutRepositoryTests.swift; sourceTree = "<group>"; };
		C7AFB22B30682DF40016FE77 /* LayoutDraftStore.swift */ = {isa = PBXFileReference; lastKnownFileType = sourcecode.swift; path = LayoutDraftStore.swift; sourceTree = "<group>"; };
		C7AFB22E30682DF40016FE77 /* LayoutDraftStoreTests.swift */ = {isa = PBXFileReference; lastKnownFileType = sourcecode.swift; path = LayoutDraftStoreTests.swift; sourceTree = "<group>"; };
		C7AFB23030682DF50016FE77 /* LayoutEditorDocumentTests.swift */ = {isa = PBXFileReference; lastKnownFileType = sourcecode.swift; path = LayoutEditorDocumentTests.swift; sourceTree = "<group>"; };
		C7AFB23230682DFB0016FE77 /* LayoutEditorDocument.swift */ = {isa = PBXFileReference; lastKnownFileType = sourcecode.swift; path = LayoutEditorDocument.swift; sourceTree = "<group>"; };
		C7AFB23430682F920016FE77 /* LayoutViewportTransform.swift */ = {isa = PBXFileReference; lastKnownFileType = sourcecode.swift; path = LayoutViewportTransform.swift; sourceTree = "<group>"; };
		C7AFB23630682F920016FE77 /* TopologyRenderer.swift */ = {isa = PBXFileReference; lastKnownFileType = sourcecode.swift; path = TopologyRenderer.swift; sourceTree = "<group>"; };
		C7AFB23830682F930016FE77 /* LayoutCanvas.swift */ = {isa = PBXFileReference; lastKnownFileType = sourcecode.swift; path = LayoutCanvas.swift; sourceTree = "<group>"; };
		C7AFB23A30682F940016FE77 /* LayoutViewportTransformTests.swift */ = {isa = PBXFileReference; lastKnownFileType = sourcecode.swift; path = LayoutViewportTransformTests.swift; sourceTree = "<group>"; };
		C7AFB23C30682F940016FE77 /* TopologyRenderPlanTests.swift */ = {isa = PBXFileReference; lastKnownFileType = sourcecode.swift; path = TopologyRenderPlanTests.swift; sourceTree = "<group>"; };
		C7C50E2D30446EF1007036B2 /* AGENTS.md */ = {isa = PBXFileReference; lastKnownFileType = sourcecode.swift; path = AGENTS.md; sourceTree = "<group>"; };
		C7C50E2F30446F29007036B2 /* RTK.md */ = {isa = PBXFileReference; lastKnownFileType = sourcecode.swift; path = RTK.md; sourceTree = "<group>"; };
/* End PBXFileReference section */

/* Begin PBXFrameworksBuildPhase section */
		00000000000000000000000B /* Frameworks */ = {
			isa = PBXFrameworksBuildPhase;
			buildActionMask = 2147483647;
			files = (
			);
			runOnlyForDeploymentPostprocessing = 0;
		};
		00000000000000000000000E /* Frameworks */ = {
			isa = PBXFrameworksBuildPhase;
			buildActionMask = 2147483647;
			files = (
				00000000000000000000001C /* XCTest.framework in Frameworks */,
			);
			runOnlyForDeploymentPostprocessing = 0;
		};
/* End PBXFrameworksBuildPhase section */

/* Begin PBXGroup section */
		000000000000000000000002 = {
			isa = PBXGroup;
			children = (
				C7C50E2D30446EF1007036B2 /* AGENTS.md */,
				C7C50E2F30446F29007036B2 /* RTK.md */,
				000000000000000000000003 /* TrainPilot */,
				000000000000000000000004 /* TrainPilotTests */,
				000000000000000000000005 /* Products */,
				00000000000000000000001B /* XCTest.framework */,
				C72374A9304F6C260054808A /* TrainPilotCab.icns */,
			);
			sourceTree = "<group>";
		};
		000000000000000000000003 /* TrainPilot */ = {
			isa = PBXGroup;
			children = (
				C723746A304ED0620054808A /* App */,
				C7237474304ED0620054808A /* Cab */,
				C723747F304ED0620054808A /* Core */,
				C7237483304ED0620054808A /* Driving */,
				C723748A304ED0620054808A /* Features */,
				C723748C304ED0620054808A /* Preview */,
				C72374AD304F6E030054808A /* Asset.xcassets */,
			);
			path = TrainPilot;
			sourceTree = "<group>";
		};
		000000000000000000000004 /* TrainPilotTests */ = {
			isa = PBXGroup;
			children = (
				000000000000000000000049 /* SemanticVersionTests.swift */,
				00000000000000000000004B /* SequenceTrackerTests.swift */,
				00000000000000000000004D /* ThrottleWheelMathTests.swift */,
				C7AFB22730682BAD0016FE77 /* LayoutModelsTests.swift */,
				C7AFB22930682BAD0016FE77 /* LayoutRepositoryTests.swift */,
				C7AFB22E30682DF40016FE77 /* LayoutDraftStoreTests.swift */,
				C7AFB23030682DF50016FE77 /* LayoutEditorDocumentTests.swift */,
				C7AFB23A30682F940016FE77 /* LayoutViewportTransformTests.swift */,
				C7AFB23C30682F940016FE77 /* TopologyRenderPlanTests.swift */,
			);
			path = TrainPilotTests;
			sourceTree = "<group>";
		};
		000000000000000000000005 /* Products */ = {
			isa = PBXGroup;
			children = (
				000000000000000000000008 /* TrainPilot.app */,
				000000000000000000000009 /* TrainPilotTests.xctest */,
			);
			name = Products;
			sourceTree = "<group>";
		};
		C723746A304ED0620054808A /* App */ = {
			isa = PBXGroup;
			children = (
				C7237467304ED0620054808A /* AppModel.swift */,
				C7237468304ED0620054808A /* TrainPilotApp.swift */,
				C7237469304ED0620054808A /* WindowCoordinator.swift */,
			);
			path = App;
			sourceTree = "<group>";
		};
		C7237470304ED0620054808A /* Components */ = {
			isa = PBXGroup;
			children = (
				C72374A7304ED0B50054808A /* NetworkViewport.swift */,
				C72374A5304ED09C0054808A /* CabContentMode.swift */,
				C723746B304ED0620054808A /* DirectionSelector.swift */,
				C723746C304ED0620054808A /* FunctionPanel.swift */,
				C723746D304ED0620054808A /* SpeedGauge.swift */,
				C723746E304ED0620054808A /* StatusPill.swift */,
				C723746F304ED0620054808A /* ThrottleWheel.swift */,
				C7AFB23430682F920016FE77 /* LayoutViewportTransform.swift */,
				C7AFB23630682F920016FE77 /* TopologyRenderer.swift */,
				C7AFB23830682F930016FE77 /* LayoutCanvas.swift */,
			);
			path = Components;
			sourceTree = "<group>";
		};
		C7237473304ED0620054808A /* Themes */ = {
			isa = PBXGroup;
			children = (
				C7237471304ED0620054808A /* SNCFClassicCabView.swift */,
				C7237472304ED0620054808A /* SNCFPalette.swift */,
			);
			path = Themes;
			sourceTree = "<group>";
		};
		C7237474304ED0620054808A /* Cab */ = {
			isa = PBXGroup;
			children = (
				C7237470304ED0620054808A /* Components */,
				C7237473304ED0620054808A /* Themes */,
			);
			path = Cab;
			sourceTree = "<group>";
		};
		C7237476304ED0620054808A /* Authentication */ = {
			isa = PBXGroup;
			children = (
				C7237475304ED0620054808A /* KeychainStore.swift */,
			);
			path = Authentication;
			sourceTree = "<group>";
		};
		C7237478304ED0620054808A /* Models */ = {
			isa = PBXGroup;
			children = (
				C7237477304ED0620054808A /* Models.swift */,
				C7AFB22330682BAC0016FE77 /* LayoutModels.swift */,
			);
			path = Models;
			sourceTree = "<group>";
		};
		C723747C304ED0620054808A /* Networking */ = {
			isa = PBXGroup;
			children = (
				C7237479304ED0620054808A /* APIClient.swift */,
				C723747A304ED0620054808A /* EventClient.swift */,
				C723747B304ED0620054808A /* SequenceTracker.swift */,
				C7AFB22530682BAC0016FE77 /* LayoutRepository.swift */,
			);
			path = Networking;
			sourceTree = "<group>";
		};
		C723747E304ED0620054808A /* Preferences */ = {
			isa = PBXGroup;
			children = (
				C723747D304ED0620054808A /* AppPreferences.swift */,
				C7AFB22B30682DF40016FE77 /* LayoutDraftStore.swift */,
			);
			path = Preferences;
			sourceTree = "<group>";
		};
		C723747F304ED0620054808A /* Core */ = {
			isa = PBXGroup;
			children = (
				C7237476304ED0620054808A /* Authentication */,
				C7237478304ED0620054808A /* Models */,
				C723747C304ED0620054808A /* Networking */,
				C723747E304ED0620054808A /* Preferences */,
			);
			path = Core;
			sourceTree = "<group>";
		};
		C7237483304ED0620054808A /* Driving */ = {
			isa = PBXGroup;
			children = (
				C7237480304ED0620054808A /* DrivingSession.swift */,
				C7237481304ED0620054808A /* DrivingSessionManager.swift */,
				C7237482304ED0620054808A /* KeyboardController.swift */,
			);
			path = Driving;
			sourceTree = "<group>";
		};
		C7237485304ED0620054808A /* Library */ = {
			isa = PBXGroup;
			children = (
				C7237484304ED0620054808A /* LibraryView.swift */,
			);
			path = Library;
			sourceTree = "<group>";
		};
		C7237487304ED0620054808A /* Login */ = {
			isa = PBXGroup;
			children = (
				C7237486304ED0620054808A /* LoginView.swift */,
			);
			path = Login;
			sourceTree = "<group>";
		};
		C7237489304ED0620054808A /* Preferences */ = {
			isa = PBXGroup;
			children = (
				C7237488304ED0620054808A /* PreferencesView.swift */,
			);
			path = Preferences;
			sourceTree = "<group>";
		};
		C723748A304ED0620054808A /* Features */ = {
			isa = PBXGroup;
			children = (
				C7237485304ED0620054808A /* Library */,
				C7237487304ED0620054808A /* Login */,
				C7237489304ED0620054808A /* Preferences */,
				C7AFB22D30682DF40016FE77 /* LayoutEditor 2 */,
				C7AFB23230682DFB0016FE77 /* LayoutEditorDocument.swift */,
			);
			path = Features;
			sourceTree = "<group>";
		};
		C723748C304ED0620054808A /* Preview */ = {
			isa = PBXGroup;
			children = (
				C723748B304ED0620054808A /* PreviewData.swift */,
			);
			path = Preview;
			sourceTree = "<group>";
		};
		C7AFB22D30682DF40016FE77 /* LayoutEditor 2 */ = {
			isa = PBXGroup;
			children = (
			);
			path = "LayoutEditor 2";
			sourceTree = "<group>";
		};
/* End PBXGroup section */

/* Begin PBXNativeTarget section */
		000000000000000000000006 /* TrainPilot */ = {
			isa = PBXNativeTarget;
			buildConfigurationList = 000000000000000000000011 /* Build configuration list for PBXNativeTarget "TrainPilot" */;
			buildPhases = (
				00000000000000000000000A /* Sources */,
				00000000000000000000000B /* Frameworks */,
				00000000000000000000000C /* Resources */,
			);
			buildRules = (
			);
			dependencies = (
			);
			name = TrainPilot;
			productName = TrainPilot;
			productReference = 000000000000000000000008 /* TrainPilot.app */;
			productType = "com.apple.product-type.application";
		};
		000000000000000000000007 /* TrainPilotTests */ = {
			isa = PBXNativeTarget;
			buildConfigurationList = 000000000000000000000012 /* Build configuration list for PBXNativeTarget "TrainPilotTests" */;
			buildPhases = (
				00000000000000000000000D /* Sources */,
				00000000000000000000000E /* Frameworks */,
				00000000000000000000000F /* Resources */,
			);
			buildRules = (
			);
			dependencies = (
				000000000000000000000019 /* PBXTargetDependency */,
			);
			name = TrainPilotTests;
			productName = TrainPilotTests;
			productReference = 000000000000000000000009 /* TrainPilotTests.xctest */;
			productType = "com.apple.product-type.bundle.unit-test";
		};
/* End PBXNativeTarget section */

/* Begin PBXProject section */
		000000000000000000000001 /* Project object */ = {
			isa = PBXProject;
			attributes = {
				BuildIndependentTargetsInParallel = 1;
				LastSwiftUpdateCheck = 1600;
				LastUpgradeCheck = 2660;
				TargetAttributes = {
					000000000000000000000006 = {
						CreatedOnToolsVersion = 16.0;
					};
					000000000000000000000007 = {
						CreatedOnToolsVersion = 16.0;
						TestTargetID = 000000000000000000000006;
					};
				};
			};
			buildConfigurationList = 000000000000000000000010 /* Build configuration list for PBXProject "TrainPilot" */;
			compatibilityVersion = "Xcode 14.0";
			developmentRegion = en;
			hasScannedForEncodings = 0;
			knownRegions = (
				en,
				Base,
			);
			mainGroup = 000000000000000000000002;
			productRefGroup = 000000000000000000000005 /* Products */;
			projectDirPath = "";
			projectRoot = "";
			targets = (
				000000000000000000000006 /* TrainPilot */,
				000000000000000000000007 /* TrainPilotTests */,
			);
		};
/* End PBXProject section */

/* Begin PBXResourcesBuildPhase section */
		00000000000000000000000C /* Resources */ = {
			isa = PBXResourcesBuildPhase;
			buildActionMask = 2147483647;
			files = (
				C72374AE304F6E030054808A /* Asset.xcassets in Resources */,
				C72374AA304F6C260054808A /* TrainPilotCab.icns in Resources */,
			);
			runOnlyForDeploymentPostprocessing = 0;
		};
		00000000000000000000000F /* Resources */ = {
			isa = PBXResourcesBuildPhase;
			buildActionMask = 2147483647;
			files = (
			);
			runOnlyForDeploymentPostprocessing = 0;
		};
/* End PBXResourcesBuildPhase section */

/* Begin PBXSourcesBuildPhase section */
		00000000000000000000000A /* Sources */ = {
			isa = PBXSourcesBuildPhase;
			buildActionMask = 2147483647;
			files = (
				C723748D304ED0620054808A /* SpeedGauge.swift in Sources */,
				C7AFB22630682BAC0016FE77 /* LayoutRepository.swift in Sources */,
				C7AFB22430682BAC0016FE77 /* LayoutModels.swift in Sources */,
				C723748E304ED0620054808A /* AppModel.swift in Sources */,
				C723748F304ED0620054808A /* DrivingSessionManager.swift in Sources */,
				C7237490304ED0620054808A /* EventClient.swift in Sources */,
				C7237491304ED0620054808A /* ThrottleWheel.swift in Sources */,
				C7AFB23930682F930016FE77 /* LayoutCanvas.swift in Sources */,
				C7237492304ED0620054808A /* KeychainStore.swift in Sources */,
				C7237493304ED0620054808A /* FunctionPanel.swift in Sources */,
				C7237494304ED0620054808A /* LibraryView.swift in Sources */,
				C72374A8304ED0B50054808A /* NetworkViewport.swift in Sources */,
				C7237495304ED0620054808A /* KeyboardController.swift in Sources */,
				C7237496304ED0620054808A /* APIClient.swift in Sources */,
				C7237497304ED0620054808A /* SNCFClassicCabView.swift in Sources */,
				C7AFB23730682F920016FE77 /* TopologyRenderer.swift in Sources */,
				C7237498304ED0620054808A /* PreviewData.swift in Sources */,
				C7237499304ED0620054808A /* StatusPill.swift in Sources */,
				C72374A6304ED09C0054808A /* CabContentMode.swift in Sources */,
				C723749A304ED0620054808A /* TrainPilotApp.swift in Sources */,
				C723749B304ED0620054808A /* DrivingSession.swift in Sources */,
				C723749C304ED0620054808A /* LoginView.swift in Sources */,
				C723749D304ED0620054808A /* DirectionSelector.swift in Sources */,
				C723749E304ED0620054808A /* WindowCoordinator.swift in Sources */,
				C723749F304ED0620054808A /* SequenceTracker.swift in Sources */,
				C7AFB23330682DFB0016FE77 /* LayoutEditorDocument.swift in Sources */,
				C7AFB23530682F920016FE77 /* LayoutViewportTransform.swift in Sources */,
				C72374A0304ED0620054808A /* PreferencesView.swift in Sources */,
				C72374A1304ED0620054808A /* Models.swift in Sources */,
				C7AFB22C30682DF40016FE77 /* LayoutDraftStore.swift in Sources */,
				C72374A2304ED0620054808A /* AppPreferences.swift in Sources */,
				C72374A3304ED0620054808A /* SNCFPalette.swift in Sources */,
			);
			runOnlyForDeploymentPostprocessing = 0;
		};
		00000000000000000000000D /* Sources */ = {
			isa = PBXSourcesBuildPhase;
			buildActionMask = 2147483647;
			files = (
				00000000000000000000004A /* SemanticVersionTests.swift in Sources */,
				00000000000000000000004C /* SequenceTrackerTests.swift in Sources */,
				C7AFB23B30682F940016FE77 /* LayoutViewportTransformTests.swift in Sources */,
				C7AFB22830682BAD0016FE77 /* LayoutModelsTests.swift in Sources */,
				C7AFB23D30682F940016FE77 /* TopologyRenderPlanTests.swift in Sources */,
				00000000000000000000004E /* ThrottleWheelMathTests.swift in Sources */,
				C7AFB23130682DF50016FE77 /* LayoutEditorDocumentTests.swift in Sources */,
				C7AFB22A30682BAD0016FE77 /* LayoutRepositoryTests.swift in Sources */,
				C7AFB22F30682DF40016FE77 /* LayoutDraftStoreTests.swift in Sources */,
			);
			runOnlyForDeploymentPostprocessing = 0;
		};
/* End PBXSourcesBuildPhase section */

/* Begin PBXTargetDependency section */
		000000000000000000000019 /* PBXTargetDependency */ = {
			isa = PBXTargetDependency;
			target = 000000000000000000000006 /* TrainPilot */;
			targetProxy = 00000000000000000000001A /* PBXContainerItemProxy */;
		};
/* End PBXTargetDependency section */

/* Begin XCBuildConfiguration section */
		000000000000000000000013 /* Debug */ = {
			isa = XCBuildConfiguration;
			buildSettings = {
				CLANG_ENABLE_MODULES = YES;
				CLANG_WARN_BLOCK_CAPTURE_AUTORELEASING = YES;
				CLANG_WARN_BOOL_CONVERSION = YES;
				CLANG_WARN_COMMA = YES;
				CLANG_WARN_CONSTANT_CONVERSION = YES;
				CLANG_WARN_DEPRECATED_OBJC_IMPLEMENTATIONS = YES;
				CLANG_WARN_EMPTY_BODY = YES;
				CLANG_WARN_ENUM_CONVERSION = YES;
				CLANG_WARN_INFINITE_RECURSION = YES;
				CLANG_WARN_INT_CONVERSION = YES;
				CLANG_WARN_NON_LITERAL_NULL_CONVERSION = YES;
				CLANG_WARN_OBJC_IMPLICIT_RETAIN_SELF = YES;
				CLANG_WARN_OBJC_LITERAL_CONVERSION = YES;
				CLANG_WARN_QUOTED_INCLUDE_IN_FRAMEWORK_HEADER = YES;
				CLANG_WARN_RANGE_LOOP_ANALYSIS = YES;
				CLANG_WARN_STRICT_PROTOTYPES = YES;
				CLANG_WARN_SUSPICIOUS_MOVE = YES;
				CLANG_WARN_UNREACHABLE_CODE = YES;
				CLANG_WARN__DUPLICATE_METHOD_MATCH = YES;
				DEAD_CODE_STRIPPING = YES;
				ENABLE_STRICT_OBJC_MSGSEND = YES;
				ENABLE_TESTABILITY = YES;
				ENABLE_USER_SCRIPT_SANDBOXING = YES;
				GCC_NO_COMMON_BLOCKS = YES;
				GCC_TREAT_WARNINGS_AS_ERRORS = YES;
				GCC_WARN_64_TO_32_BIT_CONVERSION = YES;
				GCC_WARN_ABOUT_RETURN_TYPE = YES;
				GCC_WARN_UNDECLARED_SELECTOR = YES;
				GCC_WARN_UNINITIALIZED_AUTOS = YES;
				GCC_WARN_UNUSED_FUNCTION = YES;
				GCC_WARN_UNUSED_VARIABLE = YES;
				MACOSX_DEPLOYMENT_TARGET = 12.0;
				ONLY_ACTIVE_ARCH = YES;
				SDKROOT = macosx;
				STRING_CATALOG_GENERATE_SYMBOLS = YES;
				SWIFT_OPTIMIZATION_LEVEL = "-Onone";
				SWIFT_TREAT_WARNINGS_AS_ERRORS = YES;
				SWIFT_VERSION = 5.0;
			};
			name = Debug;
		};
		000000000000000000000014 /* Release */ = {
			isa = XCBuildConfiguration;
			buildSettings = {
				CLANG_ENABLE_MODULES = YES;
				CLANG_WARN_BLOCK_CAPTURE_AUTORELEASING = YES;
				CLANG_WARN_BOOL_CONVERSION = YES;
				CLANG_WARN_COMMA = YES;
				CLANG_WARN_CONSTANT_CONVERSION = YES;
				CLANG_WARN_DEPRECATED_OBJC_IMPLEMENTATIONS = YES;
				CLANG_WARN_EMPTY_BODY = YES;
				CLANG_WARN_ENUM_CONVERSION = YES;
				CLANG_WARN_INFINITE_RECURSION = YES;
				CLANG_WARN_INT_CONVERSION = YES;
				CLANG_WARN_NON_LITERAL_NULL_CONVERSION = YES;
				CLANG_WARN_OBJC_IMPLICIT_RETAIN_SELF = YES;
				CLANG_WARN_OBJC_LITERAL_CONVERSION = YES;
				CLANG_WARN_QUOTED_INCLUDE_IN_FRAMEWORK_HEADER = YES;
				CLANG_WARN_RANGE_LOOP_ANALYSIS = YES;
				CLANG_WARN_STRICT_PROTOTYPES = YES;
				CLANG_WARN_SUSPICIOUS_MOVE = YES;
				CLANG_WARN_UNREACHABLE_CODE = YES;
				CLANG_WARN__DUPLICATE_METHOD_MATCH = YES;
				DEAD_CODE_STRIPPING = YES;
				ENABLE_STRICT_OBJC_MSGSEND = YES;
				ENABLE_USER_SCRIPT_SANDBOXING = YES;
				GCC_NO_COMMON_BLOCKS = YES;
				GCC_TREAT_WARNINGS_AS_ERRORS = YES;
				GCC_WARN_64_TO_32_BIT_CONVERSION = YES;
				GCC_WARN_ABOUT_RETURN_TYPE = YES;
				GCC_WARN_UNDECLARED_SELECTOR = YES;
				GCC_WARN_UNINITIALIZED_AUTOS = YES;
				GCC_WARN_UNUSED_FUNCTION = YES;
				GCC_WARN_UNUSED_VARIABLE = YES;
				MACOSX_DEPLOYMENT_TARGET = 12.0;
				SDKROOT = macosx;
				STRING_CATALOG_GENERATE_SYMBOLS = YES;
				SWIFT_COMPILATION_MODE = wholemodule;
				SWIFT_OPTIMIZATION_LEVEL = "-Onone";
				SWIFT_TREAT_WARNINGS_AS_ERRORS = YES;
				SWIFT_VERSION = 5.0;
			};
			name = Release;
		};
		000000000000000000000015 /* Debug */ = {
			isa = XCBuildConfiguration;
			buildSettings = {
				ASSETCATALOG_COMPILER_APPICON_NAME = AppIcon;
				ASSETCATALOG_COMPILER_INCLUDE_ALL_APPICON_ASSETS = YES;
				CLANG_ENABLE_OBJC_WEAK = YES;
				"CODE_SIGN_IDENTITY[sdk=macosx*]" = "Apple Development";
				CODE_SIGN_STYLE = Automatic;
				COMBINE_HIDPI_IMAGES = YES;
				CURRENT_PROJECT_VERSION = 1;
				DEAD_CODE_STRIPPING = YES;
				DEVELOPMENT_ASSET_PATHS = "";
				DEVELOPMENT_TEAM = 3YCBWTYW6P;
				GENERATE_INFOPLIST_FILE = NO;
				INFOPLIST_FILE = TrainPilot/Info.plist;
				INFOPLIST_KEY_CFBundleDisplayName = "TrainPilot Cab";
				INFOPLIST_KEY_LSApplicationCategoryType = "public.app-category.entertainment";
				MACOSX_DEPLOYMENT_TARGET = 12.0;
				MARKETING_VERSION = 0.1.0;
				PRODUCT_BUNDLE_IDENTIFIER = fr.lda.trainpilot.macos;
				PRODUCT_NAME = "$(TARGET_NAME)";
				SWIFT_VERSION = 5.0;
			};
			name = Debug;
		};
		000000000000000000000016 /* Release */ = {
			isa = XCBuildConfiguration;
			buildSettings = {
				ASSETCATALOG_COMPILER_APPICON_NAME = AppIcon;
				ASSETCATALOG_COMPILER_INCLUDE_ALL_APPICON_ASSETS = YES;
				CLANG_ENABLE_OBJC_WEAK = YES;
				"CODE_SIGN_IDENTITY[sdk=macosx*]" = "Apple Development";
				CODE_SIGN_STYLE = Automatic;
				COMBINE_HIDPI_IMAGES = YES;
				CURRENT_PROJECT_VERSION = 1;
				DEAD_CODE_STRIPPING = YES;
				DEVELOPMENT_ASSET_PATHS = "";
				DEVELOPMENT_TEAM = 3YCBWTYW6P;
				GENERATE_INFOPLIST_FILE = NO;
				INFOPLIST_FILE = TrainPilot/Info.plist;
				INFOPLIST_KEY_CFBundleDisplayName = "TrainPilot Cab";
				INFOPLIST_KEY_LSApplicationCategoryType = "public.app-category.entertainment";
				MACOSX_DEPLOYMENT_TARGET = 12.0;
				MARKETING_VERSION = 0.1.0;
				PRODUCT_BUNDLE_IDENTIFIER = fr.lda.trainpilot.macos;
				PRODUCT_NAME = "$(TARGET_NAME)";
				SWIFT_OPTIMIZATION_LEVEL = "-O";
				SWIFT_VERSION = 5.0;
			};
			name = Release;
		};
		000000000000000000000017 /* Debug */ = {
			isa = XCBuildConfiguration;
			buildSettings = {
				BUNDLE_LOADER = "$(TEST_HOST)";
				CLANG_ENABLE_OBJC_WEAK = YES;
				CODE_SIGN_STYLE = Automatic;
				DEAD_CODE_STRIPPING = YES;
				GENERATE_INFOPLIST_FILE = NO;
				INFOPLIST_FILE = TrainPilotTests/Info.plist;
				MACOSX_DEPLOYMENT_TARGET = 12.0;
				PRODUCT_BUNDLE_IDENTIFIER = fr.trainpilot.macos.tests;
				PRODUCT_NAME = "$(TARGET_NAME)";
				SWIFT_VERSION = 5.0;
				TEST_HOST = "$(BUILT_PRODUCTS_DIR)/TrainPilot.app/Contents/MacOS/TrainPilot";
			};
			name = Debug;
		};
		000000000000000000000018 /* Release */ = {
			isa = XCBuildConfiguration;
			buildSettings = {
				BUNDLE_LOADER = "$(TEST_HOST)";
				CLANG_ENABLE_OBJC_WEAK = YES;
				CODE_SIGN_STYLE = Automatic;
				DEAD_CODE_STRIPPING = YES;
				GENERATE_INFOPLIST_FILE = NO;
				INFOPLIST_FILE = TrainPilotTests/Info.plist;
				MACOSX_DEPLOYMENT_TARGET = 12.0;
				PRODUCT_BUNDLE_IDENTIFIER = fr.trainpilot.macos.tests;
				PRODUCT_NAME = "$(TARGET_NAME)";
				SWIFT_VERSION = 5.0;
				TEST_HOST = "$(BUILT_PRODUCTS_DIR)/TrainPilot.app/Contents/MacOS/TrainPilot";
			};
			name = Release;
		};
/* End XCBuildConfiguration section */

/* Begin XCConfigurationList section */
		000000000000000000000010 /* Build configuration list for PBXProject "TrainPilot" */ = {
			isa = XCConfigurationList;
			buildConfigurations = (
				000000000000000000000013 /* Debug */,
				000000000000000000000014 /* Release */,
			);
			defaultConfigurationIsVisible = 0;
			defaultConfigurationName = Release;
		};
		000000000000000000000011 /* Build configuration list for PBXNativeTarget "TrainPilot" */ = {
			isa = XCConfigurationList;
			buildConfigurations = (
				000000000000000000000015 /* Debug */,
				000000000000000000000016 /* Release */,
			);
			defaultConfigurationIsVisible = 0;
			defaultConfigurationName = Release;
		};
		000000000000000000000012 /* Build configuration list for PBXNativeTarget "TrainPilotTests" */ = {
			isa = XCConfigurationList;
			buildConfigurations = (
				000000000000000000000017 /* Debug */,
				000000000000000000000018 /* Release */,
			);
			defaultConfigurationIsVisible = 0;
			defaultConfigurationName = Release;
		};
/* End XCConfigurationList section */
	};
	rootObject = 000000000000000000000001 /* Project object */;
}
